
Microsoft Visual Studio Solution File, Format Version 12.00
# Visual Studio Version 17
VisualStudioVersion = 17.14.36414.22 d17.14
MinimumVisualStudioVersion = 10.0.40219.1
Project("{FAE04EC0-301F-11D3-BF4B-00C04F79EFBC}") = "quanlycafe", "quanlycafe\quanlycafe.csproj", "{A9461E8F-F0F9-4FF3-A0FE-248863AB4100}"
EndProject
Global
	GlobalSection(SolutionConfigurationPlatforms) = preSolution
		Debug|Any CPU = Debug|Any CPU
		Release|Any CPU = Release|Any CPU
	EndGlobalSection
	GlobalSection(ProjectConfigurationPlatforms) = postSolution
		{A9461E8F-F0F9-4FF3-A0FE-248863AB4100}.Debug|Any CPU.ActiveCfg = Debug|Any CPU
		{A9461E8F-F0F9-4FF3-A0FE-248863AB4100}.Debug|Any CPU.Build.0 = Debug|Any CPU
		{A9461E8F-F0F9-4FF3-A0FE-248863AB4100}.Release|Any CPU.ActiveCfg = Release|Any CPU
		{A9461E8F-F0F9-4FF3-A0FE-248863AB4100}.Release|Any CPU.Build.0 = Release|Any CPU
	EndGlobalSection
	GlobalSection(SolutionProperties) = preSolution
		HideSolutionNode = FALSE
	EndGlobalSection
	GlobalSection(ExtensibilityGlobals) = postSolution
		SolutionGuid = {AAD0B748-A281-4828-B7D3-B193D3B70ADA}
	EndGlobalSection
EndGlobal
