
Microsoft Visual Studio Solution File, Format Version 12.00
# Visual Studio Version 17
VisualStudioVersion = 17.14.36414.22
MinimumVisualStudioVersion = 10.0.40219.1
Project("{FAE04EC0-301F-11D3-BF4B-00C04F79EFBC}") = "DTO", "DTO\DTO.csproj", "{AF8E7519-B81A-48BE-9E09-8BE2D43016D7}"
EndProject
Project("{FAE04EC0-301F-11D3-BF4B-00C04F79EFBC}") = "DAO", "DAO\DAO.csproj", "{6B3AF4CD-1628-4D99-A80F-867F4E60BEF8}"
EndProject
Project("{FAE04EC0-301F-11D3-BF4B-00C04F79EFBC}") = "BUS", "BUS\BUS.csproj", "{8AE1A39F-A889-4057-8243-0F5395964BE5}"
EndProject
Project("{FAE04EC0-301F-11D3-BF4B-00C04F79EFBC}") = "GUI", "GUI\GUI.csproj", "{C5B7008E-811F-49CE-8C0D-3F8B5F2389DA}"
EndProject
Project("{FAE04EC0-301F-11D3-BF4B-00C04F79EFBC}") = "FONTS", "FONTS\FONTS.csproj", "{A9C501E1-87C4-4749-9BAB-8C93DBB1BBD7}"
EndProject
Global
	GlobalSection(SolutionConfigurationPlatforms) = preSolution
		Debug|Any CPU = Debug|Any CPU
		Release|Any CPU = Release|Any CPU
	EndGlobalSection
	GlobalSection(ProjectConfigurationPlatforms) = postSolution
		{AF8E7519-B81A-48BE-9E09-8BE2D43016D7}.Debug|Any CPU.ActiveCfg = Debug|Any CPU
		{AF8E7519-B81A-48BE-9E09-8BE2D43016D7}.Debug|Any CPU.Build.0 = Debug|Any CPU
		{AF8E7519-B81A-48BE-9E09-8BE2D43016D7}.Release|Any CPU.ActiveCfg = Release|Any CPU
		{AF8E7519-B81A-48BE-9E09-8BE2D43016D7}.Release|Any CPU.Build.0 = Release|Any CPU
		{6B3AF4CD-1628-4D99-A80F-867F4E60BEF8}.Debug|Any CPU.ActiveCfg = Debug|Any CPU
		{6B3AF4CD-1628-4D99-A80F-867F4E60BEF8}.Debug|Any CPU.Build.0 = Debug|Any CPU
		{6B3AF4CD-1628-4D99-A80F-867F4E60BEF8}.Release|Any CPU.ActiveCfg = Release|Any CPU
		{6B3AF4CD-1628-4D99-A80F-867F4E60BEF8}.Release|Any CPU.Build.0 = Release|Any CPU
		{8AE1A39F-A889-4057-8243-0F5395964BE5}.Debug|Any CPU.ActiveCfg = Debug|Any CPU
		{8AE1A39F-A889-4057-8243-0F5395964BE5}.Debug|Any CPU.Build.0 = Debug|Any CPU
		{8AE1A39F-A889-4057-8243-0F5395964BE5}.Release|Any CPU.ActiveCfg = Release|Any CPU
		{8AE1A39F-A889-4057-8243-0F5395964BE5}.Release|Any CPU.Build.0 = Release|Any CPU
		{C5B7008E-811F-49CE-8C0D-3F8B5F2389DA}.Debug|Any CPU.ActiveCfg = Debug|Any CPU
		{C5B7008E-811F-49CE-8C0D-3F8B5F2389DA}.Debug|Any CPU.Build.0 = Debug|Any CPU
		{C5B7008E-811F-49CE-8C0D-3F8B5F2389DA}.Release|Any CPU.ActiveCfg = Release|Any CPU
		{C5B7008E-811F-49CE-8C0D-3F8B5F2389DA}.Release|Any CPU.Build.0 = Release|Any CPU
		{A9C501E1-87C4-4749-9BAB-8C93DBB1BBD7}.Debug|Any CPU.ActiveCfg = Debug|Any CPU
		{A9C501E1-87C4-4749-9BAB-8C93DBB1BBD7}.Debug|Any CPU.Build.0 = Debug|Any CPU
		{A9C501E1-87C4-4749-9BAB-8C93DBB1BBD7}.Release|Any CPU.ActiveCfg = Release|Any CPU
		{A9C501E1-87C4-4749-9BAB-8C93DBB1BBD7}.Release|Any CPU.Build.0 = Release|Any CPU
	EndGlobalSection
	GlobalSection(SolutionProperties) = preSolution
		HideSolutionNode = FALSE
	EndGlobalSection
	GlobalSection(ExtensibilityGlobals) = postSolution
		SolutionGuid = {1341CD4A-3AE5-47FE-AFAA-A6E85495D84E}
	EndGlobalSection
EndGlobal
